{
  "nodes": {
    "flake-utils": {
      "locked": {
        "lastModified": 1678901627,
        "narHash": "sha256-U02riOqrKKzwjsxc/400XnElV+UtPUQWpANPlyazjH0=",
        "owner": "numtide",
        "repo": "flake-utils",
        "rev": "93a2b84fc4b70d9e089d029deacc3583435c2ed6",
        "type": "github"
      },
      "original": {
        "owner": "numtide",
        "repo": "flake-utils",
        "type": "github"
      }
    },
    "flake-utils_2": {
      "locked": {
        "lastModified": 1667395993,
        "narHash": "sha256-nuEHfE/LcWyuSWnS8t12N1wc105Qtau+/OdUAjtQ0rA=",
        "owner": "numtide",
        "repo": "flake-utils",
        "rev": "5aed5285a952e0b949eb3ba02c12fa4fcfef535f",
        "type": "github"
      },
      "original": {
        "owner": "numtide",
        "repo": "flake-utils",
        "type": "github"
      }
    },
    "nixpkgs": {
      "locked": {
        "lastModified": 1679966490,
        "narHash": "sha256-k0jV+y1jawE6w4ZvKgXDNg4+O9NNtcaWwzw8gufv0b4=",
        "owner": "NixOS",
        "repo": "nixpkgs",
        "rev": "5b7cd5c39befee629be284970415b6eb3b0ff000",
        "type": "github"
      },
      "original": {
        "owner": "NixOS",
        "ref": "nixos-22.11",
        "repo": "nixpkgs",
        "type": "github"
      }
    },
    "nixpkgs-ruby": {
      "inputs": {
        "flake-utils": "flake-utils_2",
        "nixpkgs": [
          "nixpkgs"
        ]
      },
      "locked": {
        "lastModified": 1679981999,
        "narHash": "sha256-6CayVglUYh4BP85jqoMHUjPk1S3TYIUbmoHUYKuIQnI=",
        "owner": "bobvanderlinden",
        "repo": "nixpkgs-ruby",
        "rev": "586b01d41e7c31b3f34c0868439d4dfef9842715",
        "type": "github"
      },
      "original": {
        "owner": "bobvanderlinden",
        "repo": "nixpkgs-ruby",
        "type": "github"
      }
    },
    "root": {
      "inputs": {
        "flake-utils": "flake-utils",
        "nixpkgs": "nixpkgs",
        "nixpkgs-ruby": "nixpkgs-ruby"
      }
    }
  },
  "root": "root",
  "version": 7
}
